<?xml version="1.0" encoding="utf-8"?>
<Project ToolsVersion="4.0" xmlns="http://schemas.microsoft.com/developer/msbuild/2003">
  <ItemGroup>
    <Filter Include="Source Files">
      <UniqueIdentifier>{4FC737F1-C7A5-4376-A066-2A32D752A2FF}</UniqueIdentifier>
      <Extensions>cpp;c;cc;cxx;def;odl;idl;hpj;bat;asm;asmx</Extensions>
    </Filter>
    <Filter Include="Header Files">
      <UniqueIdentifier>{93995380-89BD-4b04-88EB-625FBE52EBFB}</UniqueIdentifier>
      <Extensions>h;hpp;hxx;hm;inl;inc;xsd</Extensions>
    </Filter>
    <Filter Include="Resource Files">
      <UniqueIdentifier>{67DA6AB6-F800-4c08-8B7A-83BB121AAD01}</UniqueIdentifier>
      <Extensions>rc;ico;cur;bmp;dlg;rc2;rct;bin;rgs;gif;jpg;jpeg;jpe;resx;tiff;tif;png;wav;mfcribbon-ms</Extensions>
    </Filter>
  </ItemGroup>
  <ItemGroup>
    <None Include="ReadMe.txt" />
    <None Include="app.ico">
      <Filter>Resource Files</Filter>
    </None>
    <None Include="..\ticpp\build_instructions.txt" />
    <None Include="..\ticpp\changes.txt" />
    <None Include="..\ticpp\dox" />
    <None Include="..\ticpp\premake.lua" />
    <None Include="..\ticpp\premake4.lua" />
    <None Include="..\ticpp\readme.txt" />
    <None Include="..\ticpp\ticpp.lua" />
    <None Include="..\ticpp\ticpp4.lua" />
    <None Include="..\ticpp\tutorial_gettingStarted.txt" />
    <None Include="..\ticpp\tutorial_ticpp.txt" />
    <None Include="json\json_internalarray.inl">
      <Filter>Header Files</Filter>
    </None>
    <None Include="json\json_internalmap.inl">
      <Filter>Header Files</Filter>
    </None>
    <None Include="json\json_valueiterator.inl">
      <Filter>Header Files</Filter>
    </None>
  </ItemGroup>
  <ItemGroup>
    <ClCompile Include="WinQuickSoft.cpp">
      <Filter>Source Files</Filter>
    </ClCompile>
    <ClCompile Include="AssemblyInfo.cpp">
      <Filter>Source Files</Filter>
    </ClCompile>
    <ClCompile Include="stdafx.cpp">
      <Filter>Source Files</Filter>
    </ClCompile>
    <ClCompile Include="QuickSoft.cpp">
      <Filter>Source Files</Filter>
    </ClCompile>
    <ClCompile Include="AddContactForm.cpp">
      <Filter>Header Files</Filter>
    </ClCompile>
    <ClCompile Include="ContactListViewUtil.cpp">
      <Filter>Source Files</Filter>
    </ClCompile>
    <ClCompile Include="json\json_reader.cpp">
      <Filter>Source Files</Filter>
    </ClCompile>
    <ClCompile Include="json\json_value.cpp">
      <Filter>Source Files</Filter>
    </ClCompile>
    <ClCompile Include="json\json_writer.cpp">
      <Filter>Source Files</Filter>
    </ClCompile>
    <ClCompile Include="FindContactsForm.cpp">
      <Filter>Source Files</Filter>
    </ClCompile>
  </ItemGroup>
  <ItemGroup>
    <ClInclude Include="stdafx.h">
      <Filter>Header Files</Filter>
    </ClInclude>
    <ClInclude Include="resource.h">
      <Filter>Header Files</Filter>
    </ClInclude>
    <ClInclude Include="QuickSoft.h">
      <Filter>Header Files</Filter>
    </ClInclude>
    <ClInclude Include="MainWindowForm.h">
      <Filter>Header Files</Filter>
    </ClInclude>
    <ClInclude Include="AddContactForm.h">
      <Filter>Header Files</Filter>
    </ClInclude>
    <ClInclude Include="StringUtil.h">
      <Filter>Header Files</Filter>
    </ClInclude>
    <ClInclude Include="ContactListViewUtil.h">
      <Filter>Header Files</Filter>
    </ClInclude>
    <ClInclude Include="json\autolink.h">
      <Filter>Header Files</Filter>
    </ClInclude>
    <ClInclude Include="json\config.h">
      <Filter>Header Files</Filter>
    </ClInclude>
    <ClInclude Include="json\features.h">
      <Filter>Header Files</Filter>
    </ClInclude>
    <ClInclude Include="json\forwards.h">
      <Filter>Header Files</Filter>
    </ClInclude>
    <ClInclude Include="json\json.h">
      <Filter>Header Files</Filter>
    </ClInclude>
    <ClInclude Include="json\json_batchallocator.h">
      <Filter>Header Files</Filter>
    </ClInclude>
    <ClInclude Include="json\reader.h">
      <Filter>Header Files</Filter>
    </ClInclude>
    <ClInclude Include="json\value.h">
      <Filter>Header Files</Filter>
    </ClInclude>
    <ClInclude Include="json\writer.h">
      <Filter>Header Files</Filter>
    </ClInclude>
    <ClInclude Include="LastNameSorter.h">
      <Filter>Header Files</Filter>
    </ClInclude>
    <ClInclude Include="FindContactsForm.h">
      <Filter>Header Files</Filter>
    </ClInclude>
  </ItemGroup>
  <ItemGroup>
    <ResourceCompile Include="app.rc">
      <Filter>Resource Files</Filter>
    </ResourceCompile>
  </ItemGroup>
  <ItemGroup>
    <EmbeddedResource Include="MainWindowForm.resX">
      <Filter>Resource Files</Filter>
    </EmbeddedResource>
    <EmbeddedResource Include="AddContactForm.resx">
      <Filter>Resource Files</Filter>
    </EmbeddedResource>
  </ItemGroup>
</Project>